
Microsoft Visual Studio Solution File, Format Version 12.00
# Visual Studio Version 17
VisualStudioVersion = 17.14.36518.9 d17.14
MinimumVisualStudioVersion = 10.0.40219.1
Project("{FAE04EC0-301F-11D3-BF4B-00C04F79EFBC}") = "Ejecucion", "Ejecucion\Ejecucion.csproj", "{B9268900-E60C-45C8-90E4-96530707A578}"
EndProject
Project("{FAE04EC0-301F-11D3-BF4B-00C04F79EFBC}") = "MiBiblioteca", "MiBiblioteca\MiBiblioteca.csproj", "{37139A22-4A9C-4982-B62E-38375C12EDCC}"
EndProject
Global
	GlobalSection(SolutionConfigurationPlatforms) = preSolution
		Debug|Any CPU = Debug|Any CPU
		Release|Any CPU = Release|Any CPU
	EndGlobalSection
	GlobalSection(ProjectConfigurationPlatforms) = postSolution
		{B9268900-E60C-45C8-90E4-96530707A578}.Debug|Any CPU.ActiveCfg = Debug|Any CPU
		{B9268900-E60C-45C8-90E4-96530707A578}.Debug|Any CPU.Build.0 = Debug|Any CPU
		{B9268900-E60C-45C8-90E4-96530707A578}.Release|Any CPU.ActiveCfg = Release|Any CPU
		{B9268900-E60C-45C8-90E4-96530707A578}.Release|Any CPU.Build.0 = Release|Any CPU
		{37139A22-4A9C-4982-B62E-38375C12EDCC}.Debug|Any CPU.ActiveCfg = Debug|Any CPU
		{37139A22-4A9C-4982-B62E-38375C12EDCC}.Debug|Any CPU.Build.0 = Debug|Any CPU
		{37139A22-4A9C-4982-B62E-38375C12EDCC}.Release|Any CPU.ActiveCfg = Release|Any CPU
		{37139A22-4A9C-4982-B62E-38375C12EDCC}.Release|Any CPU.Build.0 = Release|Any CPU
	EndGlobalSection
	GlobalSection(SolutionProperties) = preSolution
		HideSolutionNode = FALSE
	EndGlobalSection
	GlobalSection(ExtensibilityGlobals) = postSolution
		SolutionGuid = {CC425212-6333-4D94-8C98-5416B8EAAC8D}
	EndGlobalSection
EndGlobal
